
Microsoft Visual Studio Solution File, Format Version 12.00
# Visual Studio Version 17
VisualStudioVersion = 17.14.36717.8 d17.14
MinimumVisualStudioVersion = 10.0.40219.1
Project("{FAE04EC0-301F-11D3-BF4B-00C04F79EFBC}") = "Marketio_WPF", "Marketio_WPF\Marketio_WPF.csproj", "{1FF8DC5B-9840-412C-BBCF-3CF45F12EBE9}"
EndProject
Project("{FAE04EC0-301F-11D3-BF4B-00C04F79EFBC}") = "Marketio_Web", "Marketio_Web\Marketio_Web.csproj", "{EB3E493E-C308-491C-9B02-5009855102E2}"
EndProject
Project("{FAE04EC0-301F-11D3-BF4B-00C04F79EFBC}") = "Marketio_App", "Marketio_App\Marketio_App.csproj", "{39D201CE-85DB-44EA-AFDF-3B8C73D04039}"
EndProject
Project("{FAE04EC0-301F-11D3-BF4B-00C04F79EFBC}") = "Marketio_Shared", "Marketio_Shared\Marketio_Shared.csproj", "{A87C131F-CAE3-4FFB-B1D2-6763AB1E6A9E}"
EndProject
Global
	GlobalSection(SolutionConfigurationPlatforms) = preSolution
		Debug|Any CPU = Debug|Any CPU
		Release|Any CPU = Release|Any CPU
	EndGlobalSection
	GlobalSection(ProjectConfigurationPlatforms) = postSolution
		{1FF8DC5B-9840-412C-BBCF-3CF45F12EBE9}.Debug|Any CPU.ActiveCfg = Debug|Any CPU
		{1FF8DC5B-9840-412C-BBCF-3CF45F12EBE9}.Debug|Any CPU.Build.0 = Debug|Any CPU
		{1FF8DC5B-9840-412C-BBCF-3CF45F12EBE9}.Release|Any CPU.ActiveCfg = Release|Any CPU
		{1FF8DC5B-9840-412C-BBCF-3CF45F12EBE9}.Release|Any CPU.Build.0 = Release|Any CPU
		{EB3E493E-C308-491C-9B02-5009855102E2}.Debug|Any CPU.ActiveCfg = Debug|Any CPU
		{EB3E493E-C308-491C-9B02-5009855102E2}.Debug|Any CPU.Build.0 = Debug|Any CPU
		{EB3E493E-C308-491C-9B02-5009855102E2}.Release|Any CPU.ActiveCfg = Release|Any CPU
		{EB3E493E-C308-491C-9B02-5009855102E2}.Release|Any CPU.Build.0 = Release|Any CPU
		{39D201CE-85DB-44EA-AFDF-3B8C73D04039}.Debug|Any CPU.ActiveCfg = Debug|Any CPU
		{39D201CE-85DB-44EA-AFDF-3B8C73D04039}.Debug|Any CPU.Build.0 = Debug|Any CPU
		{39D201CE-85DB-44EA-AFDF-3B8C73D04039}.Release|Any CPU.ActiveCfg = Release|Any CPU
		{39D201CE-85DB-44EA-AFDF-3B8C73D04039}.Release|Any CPU.Build.0 = Release|Any CPU
		{A87C131F-CAE3-4FFB-B1D2-6763AB1E6A9E}.Debug|Any CPU.ActiveCfg = Debug|Any CPU
		{A87C131F-CAE3-4FFB-B1D2-6763AB1E6A9E}.Debug|Any CPU.Build.0 = Debug|Any CPU
		{A87C131F-CAE3-4FFB-B1D2-6763AB1E6A9E}.Release|Any CPU.ActiveCfg = Release|Any CPU
		{A87C131F-CAE3-4FFB-B1D2-6763AB1E6A9E}.Release|Any CPU.Build.0 = Release|Any CPU
	EndGlobalSection
	GlobalSection(SolutionProperties) = preSolution
		HideSolutionNode = FALSE
	EndGlobalSection
	GlobalSection(ExtensibilityGlobals) = postSolution
		SolutionGuid = {576347F3-7C36-40B7-8EC0-8DEDD34D1884}
	EndGlobalSection
EndGlobal
